
Microsoft Visual Studio Solution File, Format Version 12.00
# Visual Studio Version 16
VisualStudioVersion = 16.0.29613.14
MinimumVisualStudioVersion = 10.0.40219.1
Project("{9A19103F-16F7-4668-BE54-9A1E7A4F7556}") = "ReservationApi", "ReservationApi.csproj", "{5B1A1904-92E8-473C-BA0B-CAB4E9C6D266}"
EndProject
Project("{9A19103F-16F7-4668-BE54-9A1E7A4F7556}") = "ReservationApi.Tests", "ReservationApi.Tests\ReservationApi.Tests.csproj", "{DF3EFE6C-8BCC-4094-BF90-3CB82843C8F9}"
EndProject
Project("{2150E333-8FDC-42A3-9474-1A3956D46DE8}") = "Solution Items", "Solution Items", "{0253B0FF-20CF-4788-BD22-BE1BE93D516E}"
	ProjectSection(SolutionItems) = preProject
		.editorconfig = .editorconfig
	EndProjectSection
EndProject
Project("{FAE04EC0-301F-11D3-BF4B-00C04F79EFBC}") = "ReservationApi.Data", "..\ReservationApi.Data\ReservationApi.Data.csproj", "{8744382D-F2D6-4769-9342-86CB376C3AD3}"
EndProject
Project("{FAE04EC0-301F-11D3-BF4B-00C04F79EFBC}") = "ReservationApi.Data.MongoDb", "..\ReservationApi.Data.MongoDb\ReservationApi.Data.MongoDb.csproj", "{8D55DAFD-0699-4A0D-A9C6-67238A6EE538}"
EndProject
Project("{FAE04EC0-301F-11D3-BF4B-00C04F79EFBC}") = "ReservationApi.Data.EFCore", "..\ReservationApi.Data.EFCore\ReservationApi.Data.EFCore.csproj", "{052C4466-5BC5-4367-9450-AC5D099C771A}"
EndProject
Global
	GlobalSection(SolutionConfigurationPlatforms) = preSolution
		Debug|Any CPU = Debug|Any CPU
		Release|Any CPU = Release|Any CPU
	EndGlobalSection
	GlobalSection(ProjectConfigurationPlatforms) = postSolution
		{5B1A1904-92E8-473C-BA0B-CAB4E9C6D266}.Debug|Any CPU.ActiveCfg = Debug|Any CPU
		{5B1A1904-92E8-473C-BA0B-CAB4E9C6D266}.Debug|Any CPU.Build.0 = Debug|Any CPU
		{5B1A1904-92E8-473C-BA0B-CAB4E9C6D266}.Release|Any CPU.ActiveCfg = Release|Any CPU
		{5B1A1904-92E8-473C-BA0B-CAB4E9C6D266}.Release|Any CPU.Build.0 = Release|Any CPU
		{DF3EFE6C-8BCC-4094-BF90-3CB82843C8F9}.Debug|Any CPU.ActiveCfg = Debug|Any CPU
		{DF3EFE6C-8BCC-4094-BF90-3CB82843C8F9}.Debug|Any CPU.Build.0 = Debug|Any CPU
		{DF3EFE6C-8BCC-4094-BF90-3CB82843C8F9}.Release|Any CPU.ActiveCfg = Release|Any CPU
		{DF3EFE6C-8BCC-4094-BF90-3CB82843C8F9}.Release|Any CPU.Build.0 = Release|Any CPU
		{8744382D-F2D6-4769-9342-86CB376C3AD3}.Debug|Any CPU.ActiveCfg = Debug|Any CPU
		{8744382D-F2D6-4769-9342-86CB376C3AD3}.Debug|Any CPU.Build.0 = Debug|Any CPU
		{8744382D-F2D6-4769-9342-86CB376C3AD3}.Release|Any CPU.ActiveCfg = Release|Any CPU
		{8744382D-F2D6-4769-9342-86CB376C3AD3}.Release|Any CPU.Build.0 = Release|Any CPU
		{8D55DAFD-0699-4A0D-A9C6-67238A6EE538}.Debug|Any CPU.ActiveCfg = Debug|Any CPU
		{8D55DAFD-0699-4A0D-A9C6-67238A6EE538}.Debug|Any CPU.Build.0 = Debug|Any CPU
		{8D55DAFD-0699-4A0D-A9C6-67238A6EE538}.Release|Any CPU.ActiveCfg = Release|Any CPU
		{8D55DAFD-0699-4A0D-A9C6-67238A6EE538}.Release|Any CPU.Build.0 = Release|Any CPU
		{052C4466-5BC5-4367-9450-AC5D099C771A}.Debug|Any CPU.ActiveCfg = Debug|Any CPU
		{052C4466-5BC5-4367-9450-AC5D099C771A}.Debug|Any CPU.Build.0 = Debug|Any CPU
		{052C4466-5BC5-4367-9450-AC5D099C771A}.Release|Any CPU.ActiveCfg = Release|Any CPU
		{052C4466-5BC5-4367-9450-AC5D099C771A}.Release|Any CPU.Build.0 = Release|Any CPU
	EndGlobalSection
	GlobalSection(SolutionProperties) = preSolution
		HideSolutionNode = FALSE
	EndGlobalSection
	GlobalSection(ExtensibilityGlobals) = postSolution
		SolutionGuid = {A194B7E6-DE1C-48B7-99A5-D7B6B4969142}
	EndGlobalSection
EndGlobal
